
Microsoft Visual Studio Solution File, Format Version 12.00
# Visual Studio Version 17
VisualStudioVersion = 17.8.34330.188
MinimumVisualStudioVersion = 10.0.40219.1
Project("{FAE04EC0-301F-11D3-BF4B-00C04F79EFBC}") = "WpfApp2", "WpfApp2\WpfApp2.csproj", "{951B9015-F16C-40C7-8A88-D06337000A73}"
EndProject
Global
	GlobalSection(SolutionConfigurationPlatforms) = preSolution
		Debug|Any CPU = Debug|Any CPU
		Release|Any CPU = Release|Any CPU
	EndGlobalSection
	GlobalSection(ProjectConfigurationPlatforms) = postSolution
		{951B9015-F16C-40C7-8A88-D06337000A73}.Debug|Any CPU.ActiveCfg = Debug|Any CPU
		{951B9015-F16C-40C7-8A88-D06337000A73}.Debug|Any CPU.Build.0 = Debug|Any CPU
		{951B9015-F16C-40C7-8A88-D06337000A73}.Release|Any CPU.ActiveCfg = Release|Any CPU
		{951B9015-F16C-40C7-8A88-D06337000A73}.Release|Any CPU.Build.0 = Release|Any CPU
	EndGlobalSection
	GlobalSection(SolutionProperties) = preSolution
		HideSolutionNode = FALSE
	EndGlobalSection
	GlobalSection(ExtensibilityGlobals) = postSolution
		SolutionGuid = {5D63D593-7260-4ED8-B9DF-EBC948B98F3C}
	EndGlobalSection
EndGlobal
